
Microsoft Visual Studio Solution File, Format Version 12.00
# Visual Studio 14
VisualStudioVersion = 14.0.22823.1
MinimumVisualStudioVersion = 10.0.40219.1
Project("{FAE04EC0-301F-11D3-BF4B-00C04F79EFBC}") = "02.LastDigitOfANumber", "02.LastDigitOfANumber\02.LastDigitOfANumber.csproj", "{FCB404EE-AE0C-4FFB-9753-3482A76B2C83}"
EndProject
Project("{FAE04EC0-301F-11D3-BF4B-00C04F79EFBC}") = "03.LargerThanNeighbours", "03.LargerThanNeighbours\03.LargerThanNeighbours.csproj", "{599509CD-D61F-4482-B24F-1A1D9987C5E5}"
EndProject
Project("{FAE04EC0-301F-11D3-BF4B-00C04F79EFBC}") = "04.FirstLargerThanNeighbours", "04.FirstLargerThanNeighbours\04.FirstLargerThanNeighbours.csproj", "{4FC9C119-CBC1-4CAA-B398-5DDE3634196C}"
EndProject
Project("{FAE04EC0-301F-11D3-BF4B-00C04F79EFBC}") = "05.ReverseNumber", "05.ReverseNumber\05.ReverseNumber.csproj", "{72FB8F1D-4BD6-4B71-AB69-21025B407F65}"
EndProject
Project("{FAE04EC0-301F-11D3-BF4B-00C04F79EFBC}") = "06.NumberCalculations", "06.NumberCalculations\06.NumberCalculations.csproj", "{E3860ED4-5645-4959-84D9-B0BE14E61CA9}"
EndProject
Project("{FAE04EC0-301F-11D3-BF4B-00C04F79EFBC}") = "01.GetMax2Numbers", "01.GetMax2Numbers\01.GetMax2Numbers.csproj", "{9C986AB3-EF61-4324-84EE-ED343D5C193D}"
EndProject
Global
	GlobalSection(SolutionConfigurationPlatforms) = preSolution
		Debug|Any CPU = Debug|Any CPU
		Release|Any CPU = Release|Any CPU
	EndGlobalSection
	GlobalSection(ProjectConfigurationPlatforms) = postSolution
		{FCB404EE-AE0C-4FFB-9753-3482A76B2C83}.Debug|Any CPU.ActiveCfg = Debug|Any CPU
		{FCB404EE-AE0C-4FFB-9753-3482A76B2C83}.Debug|Any CPU.Build.0 = Debug|Any CPU
		{FCB404EE-AE0C-4FFB-9753-3482A76B2C83}.Release|Any CPU.ActiveCfg = Release|Any CPU
		{FCB404EE-AE0C-4FFB-9753-3482A76B2C83}.Release|Any CPU.Build.0 = Release|Any CPU
		{599509CD-D61F-4482-B24F-1A1D9987C5E5}.Debug|Any CPU.ActiveCfg = Debug|Any CPU
		{599509CD-D61F-4482-B24F-1A1D9987C5E5}.Debug|Any CPU.Build.0 = Debug|Any CPU
		{599509CD-D61F-4482-B24F-1A1D9987C5E5}.Release|Any CPU.ActiveCfg = Release|Any CPU
		{599509CD-D61F-4482-B24F-1A1D9987C5E5}.Release|Any CPU.Build.0 = Release|Any CPU
		{4FC9C119-CBC1-4CAA-B398-5DDE3634196C}.Debug|Any CPU.ActiveCfg = Debug|Any CPU
		{4FC9C119-CBC1-4CAA-B398-5DDE3634196C}.Debug|Any CPU.Build.0 = Debug|Any CPU
		{4FC9C119-CBC1-4CAA-B398-5DDE3634196C}.Release|Any CPU.ActiveCfg = Release|Any CPU
		{4FC9C119-CBC1-4CAA-B398-5DDE3634196C}.Release|Any CPU.Build.0 = Release|Any CPU
		{72FB8F1D-4BD6-4B71-AB69-21025B407F65}.Debug|Any CPU.ActiveCfg = Debug|Any CPU
		{72FB8F1D-4BD6-4B71-AB69-21025B407F65}.Debug|Any CPU.Build.0 = Debug|Any CPU
		{72FB8F1D-4BD6-4B71-AB69-21025B407F65}.Release|Any CPU.ActiveCfg = Release|Any CPU
		{72FB8F1D-4BD6-4B71-AB69-21025B407F65}.Release|Any CPU.Build.0 = Release|Any CPU
		{E3860ED4-5645-4959-84D9-B0BE14E61CA9}.Debug|Any CPU.ActiveCfg = Debug|Any CPU
		{E3860ED4-5645-4959-84D9-B0BE14E61CA9}.Debug|Any CPU.Build.0 = Debug|Any CPU
		{E3860ED4-5645-4959-84D9-B0BE14E61CA9}.Release|Any CPU.ActiveCfg = Release|Any CPU
		{E3860ED4-5645-4959-84D9-B0BE14E61CA9}.Release|Any CPU.Build.0 = Release|Any CPU
		{9C986AB3-EF61-4324-84EE-ED343D5C193D}.Debug|Any CPU.ActiveCfg = Debug|Any CPU
		{9C986AB3-EF61-4324-84EE-ED343D5C193D}.Debug|Any CPU.Build.0 = Debug|Any CPU
		{9C986AB3-EF61-4324-84EE-ED343D5C193D}.Release|Any CPU.ActiveCfg = Release|Any CPU
		{9C986AB3-EF61-4324-84EE-ED343D5C193D}.Release|Any CPU.Build.0 = Release|Any CPU
	EndGlobalSection
	GlobalSection(SolutionProperties) = preSolution
		HideSolutionNode = FALSE
	EndGlobalSection
EndGlobal
