
Microsoft Visual Studio Solution File, Format Version 12.00
# Visual Studio 14
VisualStudioVersion = 14.0.22823.1
MinimumVisualStudioVersion = 10.0.40219.1
Project("{FAE04EC0-301F-11D3-BF4B-00C04F79EFBC}") = "01.SortArray", "14.9-exercise\01.SortArray.csproj", "{9918D8B9-7487-4522-9F5A-34B6630DA66B}"
EndProject
Project("{FAE04EC0-301F-11D3-BF4B-00C04F79EFBC}") = "02.SortArrayUsingSelectionSort", "02.SortArrayUsingSelectionSort\02.SortArrayUsingSelectionSort.csproj", "{DC77BC09-CB25-4603-85E7-7C2AEBD6CEA2}"
EndProject
Project("{FAE04EC0-301F-11D3-BF4B-00C04F79EFBC}") = "03.CategorizeAndMinMaxAvg", "03.CategorizeAndMinMaxAvg\03.CategorizeAndMinMaxAvg.csproj", "{635E5A13-DEC4-41FA-82A0-28D857DCD019}"
EndProject
Project("{FAE04EC0-301F-11D3-BF4B-00C04F79EFBC}") = "04.SequencesEqualStrings", "04.SequencesEqualStrings\04.SequencesEqualStrings.csproj", "{33F81B98-8873-473E-84A3-E0010940498D}"
EndProject
Project("{FAE04EC0-301F-11D3-BF4B-00C04F79EFBC}") = "05.LongestIncreasingSequence", "05.LongestIncreasingSequence\05.LongestIncreasingSequence.csproj", "{A08FBA75-4B34-46A8-B86E-ACA8514EC7C9}"
EndProject
Project("{FAE04EC0-301F-11D3-BF4B-00C04F79EFBC}") = "06.SubsetSum", "06.SubsetSum\06.SubsetSum.csproj", "{51692982-7312-4A3C-92A6-7EE267EA7594}"
EndProject
Project("{FAE04EC0-301F-11D3-BF4B-00C04F79EFBC}") = "FindAllPathsLabyrinth", "FindAllPathsLabyrinth\FindAllPathsLabyrinth.csproj", "{FF9FF930-BB13-473C-9EAE-47F1CB79A550}"
EndProject
Global
	GlobalSection(SolutionConfigurationPlatforms) = preSolution
		Debug|Any CPU = Debug|Any CPU
		Release|Any CPU = Release|Any CPU
	EndGlobalSection
	GlobalSection(ProjectConfigurationPlatforms) = postSolution
		{9918D8B9-7487-4522-9F5A-34B6630DA66B}.Debug|Any CPU.ActiveCfg = Debug|Any CPU
		{9918D8B9-7487-4522-9F5A-34B6630DA66B}.Debug|Any CPU.Build.0 = Debug|Any CPU
		{9918D8B9-7487-4522-9F5A-34B6630DA66B}.Release|Any CPU.ActiveCfg = Release|Any CPU
		{9918D8B9-7487-4522-9F5A-34B6630DA66B}.Release|Any CPU.Build.0 = Release|Any CPU
		{DC77BC09-CB25-4603-85E7-7C2AEBD6CEA2}.Debug|Any CPU.ActiveCfg = Debug|Any CPU
		{DC77BC09-CB25-4603-85E7-7C2AEBD6CEA2}.Debug|Any CPU.Build.0 = Debug|Any CPU
		{DC77BC09-CB25-4603-85E7-7C2AEBD6CEA2}.Release|Any CPU.ActiveCfg = Release|Any CPU
		{DC77BC09-CB25-4603-85E7-7C2AEBD6CEA2}.Release|Any CPU.Build.0 = Release|Any CPU
		{635E5A13-DEC4-41FA-82A0-28D857DCD019}.Debug|Any CPU.ActiveCfg = Debug|Any CPU
		{635E5A13-DEC4-41FA-82A0-28D857DCD019}.Debug|Any CPU.Build.0 = Debug|Any CPU
		{635E5A13-DEC4-41FA-82A0-28D857DCD019}.Release|Any CPU.ActiveCfg = Release|Any CPU
		{635E5A13-DEC4-41FA-82A0-28D857DCD019}.Release|Any CPU.Build.0 = Release|Any CPU
		{33F81B98-8873-473E-84A3-E0010940498D}.Debug|Any CPU.ActiveCfg = Debug|Any CPU
		{33F81B98-8873-473E-84A3-E0010940498D}.Debug|Any CPU.Build.0 = Debug|Any CPU
		{33F81B98-8873-473E-84A3-E0010940498D}.Release|Any CPU.ActiveCfg = Release|Any CPU
		{33F81B98-8873-473E-84A3-E0010940498D}.Release|Any CPU.Build.0 = Release|Any CPU
		{A08FBA75-4B34-46A8-B86E-ACA8514EC7C9}.Debug|Any CPU.ActiveCfg = Debug|Any CPU
		{A08FBA75-4B34-46A8-B86E-ACA8514EC7C9}.Debug|Any CPU.Build.0 = Debug|Any CPU
		{A08FBA75-4B34-46A8-B86E-ACA8514EC7C9}.Release|Any CPU.ActiveCfg = Release|Any CPU
		{A08FBA75-4B34-46A8-B86E-ACA8514EC7C9}.Release|Any CPU.Build.0 = Release|Any CPU
		{51692982-7312-4A3C-92A6-7EE267EA7594}.Debug|Any CPU.ActiveCfg = Debug|Any CPU
		{51692982-7312-4A3C-92A6-7EE267EA7594}.Debug|Any CPU.Build.0 = Debug|Any CPU
		{51692982-7312-4A3C-92A6-7EE267EA7594}.Release|Any CPU.ActiveCfg = Release|Any CPU
		{51692982-7312-4A3C-92A6-7EE267EA7594}.Release|Any CPU.Build.0 = Release|Any CPU
		{FF9FF930-BB13-473C-9EAE-47F1CB79A550}.Debug|Any CPU.ActiveCfg = Debug|Any CPU
		{FF9FF930-BB13-473C-9EAE-47F1CB79A550}.Debug|Any CPU.Build.0 = Debug|Any CPU
		{FF9FF930-BB13-473C-9EAE-47F1CB79A550}.Release|Any CPU.ActiveCfg = Release|Any CPU
		{FF9FF930-BB13-473C-9EAE-47F1CB79A550}.Release|Any CPU.Build.0 = Release|Any CPU
	EndGlobalSection
	GlobalSection(SolutionProperties) = preSolution
		HideSolutionNode = FALSE
	EndGlobalSection
EndGlobal
