
Microsoft Visual Studio Solution File, Format Version 12.00
# Visual Studio 14
VisualStudioVersion = 14.0.22823.1
MinimumVisualStudioVersion = 10.0.40219.1
Project("{FAE04EC0-301F-11D3-BF4B-00C04F79EFBC}") = "01.OddLines", "01.OddLines\01.OddLines.csproj", "{8DB8B2AB-8843-4CA3-A199-06C581315247}"
EndProject
Project("{FAE04EC0-301F-11D3-BF4B-00C04F79EFBC}") = "02.LineNumbers", "02.LineNumbers\02.LineNumbers.csproj", "{3E712641-99AC-4723-ACAA-14004BC0CD69}"
EndProject
Project("{FAE04EC0-301F-11D3-BF4B-00C04F79EFBC}") = "03.WordCount", "03.WordCount\03.WordCount.csproj", "{4DFDBABC-C141-43BC-A6A3-4338FF0FF154}"
EndProject
Project("{FAE04EC0-301F-11D3-BF4B-00C04F79EFBC}") = "04.CopyBinaryFile", "04.CopyBinaryFile\04.CopyBinaryFile.csproj", "{3DF3195A-28BD-4FDF-B8EE-02CB95A2603F}"
EndProject
Project("{FAE04EC0-301F-11D3-BF4B-00C04F79EFBC}") = "05.SlicingFile", "05.SlicingFile\05.SlicingFile.csproj", "{C876ED51-8052-4ED4-B83E-2CD7C948C923}"
EndProject
Project("{FAE04EC0-301F-11D3-BF4B-00C04F79EFBC}") = "06.ZippingSlicedFiless", "06.ZippingSlicedFiless\06.ZippingSlicedFiless.csproj", "{976E03FF-288A-4031-AEE0-1ABB528A3CE1}"
EndProject
Project("{FAE04EC0-301F-11D3-BF4B-00C04F79EFBC}") = "07.DirectoryTraversall", "07.DirectoryTraversall\07.DirectoryTraversall.csproj", "{04613D48-A508-4CB3-B639-46404B74B6BB}"
EndProject
Global
	GlobalSection(SolutionConfigurationPlatforms) = preSolution
		Debug|Any CPU = Debug|Any CPU
		Release|Any CPU = Release|Any CPU
	EndGlobalSection
	GlobalSection(ProjectConfigurationPlatforms) = postSolution
		{8DB8B2AB-8843-4CA3-A199-06C581315247}.Debug|Any CPU.ActiveCfg = Debug|Any CPU
		{8DB8B2AB-8843-4CA3-A199-06C581315247}.Debug|Any CPU.Build.0 = Debug|Any CPU
		{8DB8B2AB-8843-4CA3-A199-06C581315247}.Release|Any CPU.ActiveCfg = Release|Any CPU
		{8DB8B2AB-8843-4CA3-A199-06C581315247}.Release|Any CPU.Build.0 = Release|Any CPU
		{3E712641-99AC-4723-ACAA-14004BC0CD69}.Debug|Any CPU.ActiveCfg = Debug|Any CPU
		{3E712641-99AC-4723-ACAA-14004BC0CD69}.Debug|Any CPU.Build.0 = Debug|Any CPU
		{3E712641-99AC-4723-ACAA-14004BC0CD69}.Release|Any CPU.ActiveCfg = Release|Any CPU
		{3E712641-99AC-4723-ACAA-14004BC0CD69}.Release|Any CPU.Build.0 = Release|Any CPU
		{4DFDBABC-C141-43BC-A6A3-4338FF0FF154}.Debug|Any CPU.ActiveCfg = Debug|Any CPU
		{4DFDBABC-C141-43BC-A6A3-4338FF0FF154}.Debug|Any CPU.Build.0 = Debug|Any CPU
		{4DFDBABC-C141-43BC-A6A3-4338FF0FF154}.Release|Any CPU.ActiveCfg = Release|Any CPU
		{4DFDBABC-C141-43BC-A6A3-4338FF0FF154}.Release|Any CPU.Build.0 = Release|Any CPU
		{3DF3195A-28BD-4FDF-B8EE-02CB95A2603F}.Debug|Any CPU.ActiveCfg = Debug|Any CPU
		{3DF3195A-28BD-4FDF-B8EE-02CB95A2603F}.Debug|Any CPU.Build.0 = Debug|Any CPU
		{3DF3195A-28BD-4FDF-B8EE-02CB95A2603F}.Release|Any CPU.ActiveCfg = Release|Any CPU
		{3DF3195A-28BD-4FDF-B8EE-02CB95A2603F}.Release|Any CPU.Build.0 = Release|Any CPU
		{C876ED51-8052-4ED4-B83E-2CD7C948C923}.Debug|Any CPU.ActiveCfg = Debug|Any CPU
		{C876ED51-8052-4ED4-B83E-2CD7C948C923}.Debug|Any CPU.Build.0 = Debug|Any CPU
		{C876ED51-8052-4ED4-B83E-2CD7C948C923}.Release|Any CPU.ActiveCfg = Release|Any CPU
		{C876ED51-8052-4ED4-B83E-2CD7C948C923}.Release|Any CPU.Build.0 = Release|Any CPU
		{976E03FF-288A-4031-AEE0-1ABB528A3CE1}.Debug|Any CPU.ActiveCfg = Debug|Any CPU
		{976E03FF-288A-4031-AEE0-1ABB528A3CE1}.Debug|Any CPU.Build.0 = Debug|Any CPU
		{976E03FF-288A-4031-AEE0-1ABB528A3CE1}.Release|Any CPU.ActiveCfg = Release|Any CPU
		{976E03FF-288A-4031-AEE0-1ABB528A3CE1}.Release|Any CPU.Build.0 = Release|Any CPU
		{04613D48-A508-4CB3-B639-46404B74B6BB}.Debug|Any CPU.ActiveCfg = Debug|Any CPU
		{04613D48-A508-4CB3-B639-46404B74B6BB}.Debug|Any CPU.Build.0 = Debug|Any CPU
		{04613D48-A508-4CB3-B639-46404B74B6BB}.Release|Any CPU.ActiveCfg = Release|Any CPU
		{04613D48-A508-4CB3-B639-46404B74B6BB}.Release|Any CPU.Build.0 = Release|Any CPU
	EndGlobalSection
	GlobalSection(SolutionProperties) = preSolution
		HideSolutionNode = FALSE
	EndGlobalSection
EndGlobal
