
Microsoft Visual Studio Solution File, Format Version 12.00
# Visual Studio 14
VisualStudioVersion = 14.0.23107.0
MinimumVisualStudioVersion = 10.0.40219.1
Project("{FAE04EC0-301F-11D3-BF4B-00C04F79EFBC}") = "01_Square_Root", "01_Square_Root\01_Square_Root.csproj", "{26E301F8-81F5-4A7F-8CA8-ED9B5D063151}"
EndProject
Project("{FAE04EC0-301F-11D3-BF4B-00C04F79EFBC}") = "02_Enter_Numbers", "02_Enter_Numbers\02_Enter_Numbers.csproj", "{9CBC07C0-805D-4D59-9232-FA6F188B7674}"
EndProject
Global
	GlobalSection(SolutionConfigurationPlatforms) = preSolution
		Debug|Any CPU = Debug|Any CPU
		Release|Any CPU = Release|Any CPU
	EndGlobalSection
	GlobalSection(ProjectConfigurationPlatforms) = postSolution
		{26E301F8-81F5-4A7F-8CA8-ED9B5D063151}.Debug|Any CPU.ActiveCfg = Debug|Any CPU
		{26E301F8-81F5-4A7F-8CA8-ED9B5D063151}.Debug|Any CPU.Build.0 = Debug|Any CPU
		{26E301F8-81F5-4A7F-8CA8-ED9B5D063151}.Release|Any CPU.ActiveCfg = Release|Any CPU
		{26E301F8-81F5-4A7F-8CA8-ED9B5D063151}.Release|Any CPU.Build.0 = Release|Any CPU
		{9CBC07C0-805D-4D59-9232-FA6F188B7674}.Debug|Any CPU.ActiveCfg = Debug|Any CPU
		{9CBC07C0-805D-4D59-9232-FA6F188B7674}.Debug|Any CPU.Build.0 = Debug|Any CPU
		{9CBC07C0-805D-4D59-9232-FA6F188B7674}.Release|Any CPU.ActiveCfg = Release|Any CPU
		{9CBC07C0-805D-4D59-9232-FA6F188B7674}.Release|Any CPU.Build.0 = Release|Any CPU
	EndGlobalSection
	GlobalSection(SolutionProperties) = preSolution
		HideSolutionNode = FALSE
	EndGlobalSection
EndGlobal
