
Microsoft Visual Studio Solution File, Format Version 12.00
# Visual Studio 14
VisualStudioVersion = 14.0.25123.0
MinimumVisualStudioVersion = 10.0.40219.1
Project("{FAE04EC0-301F-11D3-BF4B-00C04F79EFBC}") = "01_TODO_List", "01_TODO_List\01_TODO_List.csproj", "{6FFDB79A-015F-40D9-B519-4982D8B1C1A4}"
EndProject
Project("{FAE04EC0-301F-11D3-BF4B-00C04F79EFBC}") = "2_Book_Library", "2_Book_Library\2_Book_Library.csproj", "{2928C3BA-D9E6-4D83-B288-65EBD2533E40}"
EndProject
Global
	GlobalSection(SolutionConfigurationPlatforms) = preSolution
		Debug|Any CPU = Debug|Any CPU
		Release|Any CPU = Release|Any CPU
	EndGlobalSection
	GlobalSection(ProjectConfigurationPlatforms) = postSolution
		{6FFDB79A-015F-40D9-B519-4982D8B1C1A4}.Debug|Any CPU.ActiveCfg = Debug|Any CPU
		{6FFDB79A-015F-40D9-B519-4982D8B1C1A4}.Debug|Any CPU.Build.0 = Debug|Any CPU
		{6FFDB79A-015F-40D9-B519-4982D8B1C1A4}.Release|Any CPU.ActiveCfg = Release|Any CPU
		{6FFDB79A-015F-40D9-B519-4982D8B1C1A4}.Release|Any CPU.Build.0 = Release|Any CPU
		{2928C3BA-D9E6-4D83-B288-65EBD2533E40}.Debug|Any CPU.ActiveCfg = Debug|Any CPU
		{2928C3BA-D9E6-4D83-B288-65EBD2533E40}.Debug|Any CPU.Build.0 = Debug|Any CPU
		{2928C3BA-D9E6-4D83-B288-65EBD2533E40}.Release|Any CPU.ActiveCfg = Release|Any CPU
		{2928C3BA-D9E6-4D83-B288-65EBD2533E40}.Release|Any CPU.Build.0 = Release|Any CPU
	EndGlobalSection
	GlobalSection(SolutionProperties) = preSolution
		HideSolutionNode = FALSE
	EndGlobalSection
EndGlobal
